
Microsoft Visual Studio Solution File, Format Version 12.00
Project("{FAE04EC0-301F-11D3-BF4B-00C04F79EFBC}") = "Laborator_1", "Laborator_1\Laborator_1.csproj", "{F7E88F32-8C63-4220-9D51-EFE0EB26E847}"
EndProject
Project("{FAE04EC0-301F-11D3-BF4B-00C04F79EFBC}") = "Laborator_2", "Laborator_2\Laborator_2.csproj", "{5104310E-C41E-47F8-B16F-CD9C66967002}"
EndProject
Global
	GlobalSection(SolutionConfigurationPlatforms) = preSolution
		Debug|Any CPU = Debug|Any CPU
		Release|Any CPU = Release|Any CPU
	EndGlobalSection
	GlobalSection(ProjectConfigurationPlatforms) = postSolution
		{F7E88F32-8C63-4220-9D51-EFE0EB26E847}.Debug|Any CPU.ActiveCfg = Debug|Any CPU
		{F7E88F32-8C63-4220-9D51-EFE0EB26E847}.Debug|Any CPU.Build.0 = Debug|Any CPU
		{F7E88F32-8C63-4220-9D51-EFE0EB26E847}.Release|Any CPU.ActiveCfg = Release|Any CPU
		{F7E88F32-8C63-4220-9D51-EFE0EB26E847}.Release|Any CPU.Build.0 = Release|Any CPU
		{5104310E-C41E-47F8-B16F-CD9C66967002}.Debug|Any CPU.ActiveCfg = Debug|Any CPU
		{5104310E-C41E-47F8-B16F-CD9C66967002}.Debug|Any CPU.Build.0 = Debug|Any CPU
		{5104310E-C41E-47F8-B16F-CD9C66967002}.Release|Any CPU.ActiveCfg = Release|Any CPU
		{5104310E-C41E-47F8-B16F-CD9C66967002}.Release|Any CPU.Build.0 = Release|Any CPU
	EndGlobalSection
EndGlobal
